
Microsoft Visual Studio Solution File, Format Version 12.00
# Visual Studio 15
VisualStudioVersion = 15.0.28307.168
MinimumVisualStudioVersion = 10.0.40219.1
Project("{8BC9CEB8-8B4A-11D0-8D11-00A0C91BC942}") = "code11", "code11\code11.vcxproj", "{0B412793-B1CD-4192-BEB3-4E5D8818DDFC}"
EndProject
Global
	GlobalSection(SolutionConfigurationPlatforms) = preSolution
		Debug|ARM = Debug|ARM
		Debug|ARM64 = Debug|ARM64
		Debug|x64 = Debug|x64
		Debug|x86 = Debug|x86
		Release|ARM = Release|ARM
		Release|ARM64 = Release|ARM64
		Release|x64 = Release|x64
		Release|x86 = Release|x86
	EndGlobalSection
	GlobalSection(ProjectConfigurationPlatforms) = postSolution
		{0B412793-B1CD-4192-BEB3-4E5D8818DDFC}.Debug|ARM.ActiveCfg = Debug|ARM
		{0B412793-B1CD-4192-BEB3-4E5D8818DDFC}.Debug|ARM.Build.0 = Debug|ARM
		{0B412793-B1CD-4192-BEB3-4E5D8818DDFC}.Debug|ARM64.ActiveCfg = Debug|ARM64
		{0B412793-B1CD-4192-BEB3-4E5D8818DDFC}.Debug|ARM64.Build.0 = Debug|ARM64
		{0B412793-B1CD-4192-BEB3-4E5D8818DDFC}.Debug|x64.ActiveCfg = Debug|x64
		{0B412793-B1CD-4192-BEB3-4E5D8818DDFC}.Debug|x64.Build.0 = Debug|x64
		{0B412793-B1CD-4192-BEB3-4E5D8818DDFC}.Debug|x86.ActiveCfg = Debug|x86
		{0B412793-B1CD-4192-BEB3-4E5D8818DDFC}.Debug|x86.Build.0 = Debug|x86
		{0B412793-B1CD-4192-BEB3-4E5D8818DDFC}.Release|ARM.ActiveCfg = Release|ARM
		{0B412793-B1CD-4192-BEB3-4E5D8818DDFC}.Release|ARM.Build.0 = Release|ARM
		{0B412793-B1CD-4192-BEB3-4E5D8818DDFC}.Release|ARM64.ActiveCfg = Release|ARM64
		{0B412793-B1CD-4192-BEB3-4E5D8818DDFC}.Release|ARM64.Build.0 = Release|ARM64
		{0B412793-B1CD-4192-BEB3-4E5D8818DDFC}.Release|x64.ActiveCfg = Release|x64
		{0B412793-B1CD-4192-BEB3-4E5D8818DDFC}.Release|x64.Build.0 = Release|x64
		{0B412793-B1CD-4192-BEB3-4E5D8818DDFC}.Release|x86.ActiveCfg = Release|x86
		{0B412793-B1CD-4192-BEB3-4E5D8818DDFC}.Release|x86.Build.0 = Release|x86
	EndGlobalSection
	GlobalSection(SolutionProperties) = preSolution
		HideSolutionNode = FALSE
	EndGlobalSection
	GlobalSection(ExtensibilityGlobals) = postSolution
		SolutionGuid = {BB8AC24E-8BBA-4552-8BA2-644CF97CFEA1}
	EndGlobalSection
EndGlobal
