
Microsoft Visual Studio Solution File, Format Version 12.00
# Visual Studio 15
VisualStudioVersion = 15.0.28307.136
MinimumVisualStudioVersion = 10.0.40219.1
Project("{8BC9CEB8-8B4A-11D0-8D11-00A0C91BC942}") = "divide_power2", "divide_power2\divide_power2.vcxproj", "{1DF7F63F-8DD0-4910-A7D7-68AA8E1BB928}"
EndProject
Global
	GlobalSection(SolutionConfigurationPlatforms) = preSolution
		Debug|ARM = Debug|ARM
		Debug|ARM64 = Debug|ARM64
		Debug|x64 = Debug|x64
		Debug|x86 = Debug|x86
		Release|ARM = Release|ARM
		Release|ARM64 = Release|ARM64
		Release|x64 = Release|x64
		Release|x86 = Release|x86
	EndGlobalSection
	GlobalSection(ProjectConfigurationPlatforms) = postSolution
		{1DF7F63F-8DD0-4910-A7D7-68AA8E1BB928}.Debug|ARM.ActiveCfg = Debug|ARM
		{1DF7F63F-8DD0-4910-A7D7-68AA8E1BB928}.Debug|ARM.Build.0 = Debug|ARM
		{1DF7F63F-8DD0-4910-A7D7-68AA8E1BB928}.Debug|ARM64.ActiveCfg = Debug|ARM64
		{1DF7F63F-8DD0-4910-A7D7-68AA8E1BB928}.Debug|ARM64.Build.0 = Debug|ARM64
		{1DF7F63F-8DD0-4910-A7D7-68AA8E1BB928}.Debug|x64.ActiveCfg = Debug|x64
		{1DF7F63F-8DD0-4910-A7D7-68AA8E1BB928}.Debug|x64.Build.0 = Debug|x64
		{1DF7F63F-8DD0-4910-A7D7-68AA8E1BB928}.Debug|x86.ActiveCfg = Debug|x86
		{1DF7F63F-8DD0-4910-A7D7-68AA8E1BB928}.Debug|x86.Build.0 = Debug|x86
		{1DF7F63F-8DD0-4910-A7D7-68AA8E1BB928}.Release|ARM.ActiveCfg = Release|ARM
		{1DF7F63F-8DD0-4910-A7D7-68AA8E1BB928}.Release|ARM.Build.0 = Release|ARM
		{1DF7F63F-8DD0-4910-A7D7-68AA8E1BB928}.Release|ARM64.ActiveCfg = Release|ARM64
		{1DF7F63F-8DD0-4910-A7D7-68AA8E1BB928}.Release|ARM64.Build.0 = Release|ARM64
		{1DF7F63F-8DD0-4910-A7D7-68AA8E1BB928}.Release|x64.ActiveCfg = Release|x64
		{1DF7F63F-8DD0-4910-A7D7-68AA8E1BB928}.Release|x64.Build.0 = Release|x64
		{1DF7F63F-8DD0-4910-A7D7-68AA8E1BB928}.Release|x86.ActiveCfg = Release|x86
		{1DF7F63F-8DD0-4910-A7D7-68AA8E1BB928}.Release|x86.Build.0 = Release|x86
	EndGlobalSection
	GlobalSection(SolutionProperties) = preSolution
		HideSolutionNode = FALSE
	EndGlobalSection
	GlobalSection(ExtensibilityGlobals) = postSolution
		SolutionGuid = {77FDDF56-6D8B-4B22-8E69-D638339EFF9E}
	EndGlobalSection
EndGlobal
