
Microsoft Visual Studio Solution File, Format Version 12.00
# Visual Studio 15
VisualStudioVersion = 15.0.28307.136
MinimumVisualStudioVersion = 10.0.40219.1
Project("{8BC9CEB8-8B4A-11D0-8D11-00A0C91BC942}") = "satureating_add", "satureating_add\satureating_add.vcxproj", "{F9E89916-3457-439E-89DA-366BC743E2A3}"
EndProject
Global
	GlobalSection(SolutionConfigurationPlatforms) = preSolution
		Debug|ARM = Debug|ARM
		Debug|ARM64 = Debug|ARM64
		Debug|x64 = Debug|x64
		Debug|x86 = Debug|x86
		Release|ARM = Release|ARM
		Release|ARM64 = Release|ARM64
		Release|x64 = Release|x64
		Release|x86 = Release|x86
	EndGlobalSection
	GlobalSection(ProjectConfigurationPlatforms) = postSolution
		{F9E89916-3457-439E-89DA-366BC743E2A3}.Debug|ARM.ActiveCfg = Debug|ARM
		{F9E89916-3457-439E-89DA-366BC743E2A3}.Debug|ARM.Build.0 = Debug|ARM
		{F9E89916-3457-439E-89DA-366BC743E2A3}.Debug|ARM64.ActiveCfg = Debug|ARM64
		{F9E89916-3457-439E-89DA-366BC743E2A3}.Debug|ARM64.Build.0 = Debug|ARM64
		{F9E89916-3457-439E-89DA-366BC743E2A3}.Debug|x64.ActiveCfg = Debug|x64
		{F9E89916-3457-439E-89DA-366BC743E2A3}.Debug|x64.Build.0 = Debug|x64
		{F9E89916-3457-439E-89DA-366BC743E2A3}.Debug|x86.ActiveCfg = Debug|x86
		{F9E89916-3457-439E-89DA-366BC743E2A3}.Debug|x86.Build.0 = Debug|x86
		{F9E89916-3457-439E-89DA-366BC743E2A3}.Release|ARM.ActiveCfg = Release|ARM
		{F9E89916-3457-439E-89DA-366BC743E2A3}.Release|ARM.Build.0 = Release|ARM
		{F9E89916-3457-439E-89DA-366BC743E2A3}.Release|ARM64.ActiveCfg = Release|ARM64
		{F9E89916-3457-439E-89DA-366BC743E2A3}.Release|ARM64.Build.0 = Release|ARM64
		{F9E89916-3457-439E-89DA-366BC743E2A3}.Release|x64.ActiveCfg = Release|x64
		{F9E89916-3457-439E-89DA-366BC743E2A3}.Release|x64.Build.0 = Release|x64
		{F9E89916-3457-439E-89DA-366BC743E2A3}.Release|x86.ActiveCfg = Release|x86
		{F9E89916-3457-439E-89DA-366BC743E2A3}.Release|x86.Build.0 = Release|x86
	EndGlobalSection
	GlobalSection(SolutionProperties) = preSolution
		HideSolutionNode = FALSE
	EndGlobalSection
	GlobalSection(ExtensibilityGlobals) = postSolution
		SolutionGuid = {4B410AB4-0BEF-444B-BA72-80E28B09F6E1}
	EndGlobalSection
EndGlobal
