
Microsoft Visual Studio Solution File, Format Version 12.00
# Visual Studio 15
VisualStudioVersion = 15.0.28307.168
MinimumVisualStudioVersion = 10.0.40219.1
Project("{8BC9CEB8-8B4A-11D0-8D11-00A0C91BC942}") = "code1102", "code1102\code1102.vcxproj", "{EE379E9F-EFC0-4691-A93E-6265911F6BE9}"
EndProject
Global
	GlobalSection(SolutionConfigurationPlatforms) = preSolution
		Debug|ARM = Debug|ARM
		Debug|ARM64 = Debug|ARM64
		Debug|x64 = Debug|x64
		Debug|x86 = Debug|x86
		Release|ARM = Release|ARM
		Release|ARM64 = Release|ARM64
		Release|x64 = Release|x64
		Release|x86 = Release|x86
	EndGlobalSection
	GlobalSection(ProjectConfigurationPlatforms) = postSolution
		{EE379E9F-EFC0-4691-A93E-6265911F6BE9}.Debug|ARM.ActiveCfg = Debug|ARM
		{EE379E9F-EFC0-4691-A93E-6265911F6BE9}.Debug|ARM.Build.0 = Debug|ARM
		{EE379E9F-EFC0-4691-A93E-6265911F6BE9}.Debug|ARM64.ActiveCfg = Debug|ARM64
		{EE379E9F-EFC0-4691-A93E-6265911F6BE9}.Debug|ARM64.Build.0 = Debug|ARM64
		{EE379E9F-EFC0-4691-A93E-6265911F6BE9}.Debug|x64.ActiveCfg = Debug|x64
		{EE379E9F-EFC0-4691-A93E-6265911F6BE9}.Debug|x64.Build.0 = Debug|x64
		{EE379E9F-EFC0-4691-A93E-6265911F6BE9}.Debug|x86.ActiveCfg = Debug|x86
		{EE379E9F-EFC0-4691-A93E-6265911F6BE9}.Debug|x86.Build.0 = Debug|x86
		{EE379E9F-EFC0-4691-A93E-6265911F6BE9}.Release|ARM.ActiveCfg = Release|ARM
		{EE379E9F-EFC0-4691-A93E-6265911F6BE9}.Release|ARM.Build.0 = Release|ARM
		{EE379E9F-EFC0-4691-A93E-6265911F6BE9}.Release|ARM64.ActiveCfg = Release|ARM64
		{EE379E9F-EFC0-4691-A93E-6265911F6BE9}.Release|ARM64.Build.0 = Release|ARM64
		{EE379E9F-EFC0-4691-A93E-6265911F6BE9}.Release|x64.ActiveCfg = Release|x64
		{EE379E9F-EFC0-4691-A93E-6265911F6BE9}.Release|x64.Build.0 = Release|x64
		{EE379E9F-EFC0-4691-A93E-6265911F6BE9}.Release|x86.ActiveCfg = Release|x86
		{EE379E9F-EFC0-4691-A93E-6265911F6BE9}.Release|x86.Build.0 = Release|x86
	EndGlobalSection
	GlobalSection(SolutionProperties) = preSolution
		HideSolutionNode = FALSE
	EndGlobalSection
	GlobalSection(ExtensibilityGlobals) = postSolution
		SolutionGuid = {5F18A9E4-7FAE-42CE-B52D-FB5FDBA2609A}
	EndGlobalSection
EndGlobal
